{
  "name": "ultre.me",
  "version": "1.0.0",
  "lockfileVersion": 3,
  "requires": true,
  "packages": {
    "": {
      "name": "ultre.me",
      "version": "1.0.0",
      "license": "ISC",
      "dependencies": {
        "mime": "^4.0.0",
        "netlify-plugin-hugo-cache-resources": "^0.1.4",
        "netlify-plugin-submit-sitemap": "^0.1.4",
        "node-fetch": "^2.6.0"
      }
    },
    "node_modules/mime": {
      "version": "4.0.0",
      "resolved": "https://registry.npmjs.org/mime/-/mime-4.0.0.tgz",
      "integrity": "sha512-pzhgdeqU5pJ9t5WK9m4RT4GgGWqYJylxUf62Yb9datXRwdcw5MjiD1BYI5evF8AgTXN9gtKX3CFLvCUL5fAhEA==",
      "funding": [
        "https://github.com/sponsors/broofa"
      ],
      "bin": {
        "mime": "bin/cli.js"
      },
      "engines": {
        "node": ">=16"
      }
    },
    "node_modules/netlify-plugin-hugo-cache-resources": {
      "version": "0.1.4",
      "resolved": "https://registry.npmjs.org/netlify-plugin-hugo-cache-resources/-/netlify-plugin-hugo-cache-resources-0.1.4.tgz",
      "integrity": "sha512-vZnmaPbZe0j2uM4GBy+nPDDziw2xCtHERxYcxy9g3aB1u8JahOzoMN+oDp30mNdTbaZwJvMhX+9Tdwz+wTDVaw=="
    },
    "node_modules/netlify-plugin-submit-sitemap": {
      "version": "0.1.4",
      "resolved": "https://registry.npmjs.org/netlify-plugin-submit-sitemap/-/netlify-plugin-submit-sitemap-0.1.4.tgz",
      "integrity": "sha512-HtAqNa6QIS4WRbDIiX9I1N5tm5zNl3h/VJY5Ol5fs65Z7cki/E+MWZI25x6uqczk8ZGFHKWbxVoEU11guXfmBw==",
      "dependencies": {
        "node-fetch": "^2.6.0"
      }
    },
    "node_modules/node-fetch": {
      "version": "2.6.0",
      "resolved": "https://registry.npmjs.org/node-fetch/-/node-fetch-2.6.0.tgz",
      "integrity": "sha512-8dG4H5ujfvFiqDmVu9fQ5bOHUC15JMjMY/Zumv26oOvvVJjM67KF8koCWIabKQ1GJIa9r2mMZscBq/TbdOcmNA==",
      "engines": {
        "node": "4.x || >=6.0.0"
      }
    }
  }
}
